
Microsoft Visual Studio Solution File, Format Version 12.00
# Visual Studio Version 16
VisualStudioVersion = 16.0.29806.167
MinimumVisualStudioVersion = 10.0.40219.1
Project("{9A19103F-16F7-4668-BE54-9A1E7A4F7556}") = "01.Edu.Api", "Edu.Api\01.Edu.Api.csproj", "{7AD9BDA6-AD27-4D0D-8374-D90C472594FA}"
EndProject
Project("{2150E333-8FDC-42A3-9474-1A3956D46DE8}") = "Atom", "Atom", "{C33F8796-2EA6-4A2E-AE37-FC36553EB1A4}"
EndProject
Project("{9A19103F-16F7-4668-BE54-9A1E7A4F7556}") = "Atom.EF", "Atom.EF\Atom.EF.csproj", "{D9C99CEB-E09D-4464-8A70-7145BADC1C22}"
EndProject
Project("{9A19103F-16F7-4668-BE54-9A1E7A4F7556}") = "05.Edu.Entity", "Edu.Entity\05.Edu.Entity.csproj", "{D8ED96D7-26DD-4AF4-B376-9533BDD4521B}"
EndProject
Project("{9A19103F-16F7-4668-BE54-9A1E7A4F7556}") = "02.Edu.Svc", "Edu.Svc\02.Edu.Svc.csproj", "{57608D8C-8DBD-4B79-9B6D-FC485A373749}"
EndProject
Project("{9A19103F-16F7-4668-BE54-9A1E7A4F7556}") = "03.Edu.Repo", "Edu.Repo\03.Edu.Repo.csproj", "{A2D4EF44-7CDC-471C-8962-280870C6B9CA}"
EndProject
Project("{2150E333-8FDC-42A3-9474-1A3956D46DE8}") = "Solution Items", "Solution Items", "{6FC7D7F7-7D03-41A9-B154-0505361AB9D2}"
	ProjectSection(SolutionItems) = preProject
		.editorconfig = .editorconfig
	EndProjectSection
EndProject
Project("{9A19103F-16F7-4668-BE54-9A1E7A4F7556}") = "04.Edu.Model", "Edu.Model\04.Edu.Model.csproj", "{2052F575-4C74-4348-9C6A-B768DAEDE209}"
EndProject
Project("{9A19103F-16F7-4668-BE54-9A1E7A4F7556}") = "Atom.Lib", "Atom.Lib\Atom.Lib.csproj", "{DE6430E0-4431-4CFE-AF9C-0D1AAE8860ED}"
EndProject
Project("{9A19103F-16F7-4668-BE54-9A1E7A4F7556}") = "Atom.Logger", "Atom.Logger\Atom.Logger.csproj", "{1D870E99-0138-4F2F-803E-71CF10A315E6}"
EndProject
Project("{9A19103F-16F7-4668-BE54-9A1E7A4F7556}") = "Atom.Generator", "Atom.Generator\Atom.Generator.csproj", "{0F25ABB7-B3CC-418C-9C13-A5181DC6E05D}"
EndProject
Project("{9A19103F-16F7-4668-BE54-9A1E7A4F7556}") = "Atom.ConfigCenter", "Atom.ConfigCenter\Atom.ConfigCenter.csproj", "{14517EBB-71BA-47FA-A896-E44FC62AE62C}"
EndProject
Project("{9A19103F-16F7-4668-BE54-9A1E7A4F7556}") = "Atom.Permissioner", "Atom.Permissioner\Atom.Permissioner.csproj", "{FA5364F2-018E-44A6-8850-BC84049B34F7}"
EndProject
Project("{9A19103F-16F7-4668-BE54-9A1E7A4F7556}") = "Atom.Templater", "Atom.Templater\Atom.Templater.csproj", "{A2E8ED51-0BD2-4338-B021-49877FBA8C18}"
EndProject
Project("{FAE04EC0-301F-11D3-BF4B-00C04F79EFBC}") = "Atom.Starter", "Atom.Starter\Atom.Starter.csproj", "{D59E18A7-467D-4651-9944-40CD143FF848}"
EndProject
Global
	GlobalSection(SolutionConfigurationPlatforms) = preSolution
		Debug|Any CPU = Debug|Any CPU
		Release|Any CPU = Release|Any CPU
	EndGlobalSection
	GlobalSection(ProjectConfigurationPlatforms) = postSolution
		{7AD9BDA6-AD27-4D0D-8374-D90C472594FA}.Debug|Any CPU.ActiveCfg = Debug|Any CPU
		{7AD9BDA6-AD27-4D0D-8374-D90C472594FA}.Debug|Any CPU.Build.0 = Debug|Any CPU
		{7AD9BDA6-AD27-4D0D-8374-D90C472594FA}.Release|Any CPU.ActiveCfg = Release|Any CPU
		{7AD9BDA6-AD27-4D0D-8374-D90C472594FA}.Release|Any CPU.Build.0 = Release|Any CPU
		{D9C99CEB-E09D-4464-8A70-7145BADC1C22}.Debug|Any CPU.ActiveCfg = Debug|Any CPU
		{D9C99CEB-E09D-4464-8A70-7145BADC1C22}.Debug|Any CPU.Build.0 = Debug|Any CPU
		{D9C99CEB-E09D-4464-8A70-7145BADC1C22}.Release|Any CPU.ActiveCfg = Release|Any CPU
		{D9C99CEB-E09D-4464-8A70-7145BADC1C22}.Release|Any CPU.Build.0 = Release|Any CPU
		{D8ED96D7-26DD-4AF4-B376-9533BDD4521B}.Debug|Any CPU.ActiveCfg = Debug|Any CPU
		{D8ED96D7-26DD-4AF4-B376-9533BDD4521B}.Debug|Any CPU.Build.0 = Debug|Any CPU
		{D8ED96D7-26DD-4AF4-B376-9533BDD4521B}.Release|Any CPU.ActiveCfg = Release|Any CPU
		{D8ED96D7-26DD-4AF4-B376-9533BDD4521B}.Release|Any CPU.Build.0 = Release|Any CPU
		{57608D8C-8DBD-4B79-9B6D-FC485A373749}.Debug|Any CPU.ActiveCfg = Debug|Any CPU
		{57608D8C-8DBD-4B79-9B6D-FC485A373749}.Debug|Any CPU.Build.0 = Debug|Any CPU
		{57608D8C-8DBD-4B79-9B6D-FC485A373749}.Release|Any CPU.ActiveCfg = Release|Any CPU
		{57608D8C-8DBD-4B79-9B6D-FC485A373749}.Release|Any CPU.Build.0 = Release|Any CPU
		{A2D4EF44-7CDC-471C-8962-280870C6B9CA}.Debug|Any CPU.ActiveCfg = Debug|Any CPU
		{A2D4EF44-7CDC-471C-8962-280870C6B9CA}.Debug|Any CPU.Build.0 = Debug|Any CPU
		{A2D4EF44-7CDC-471C-8962-280870C6B9CA}.Release|Any CPU.ActiveCfg = Release|Any CPU
		{A2D4EF44-7CDC-471C-8962-280870C6B9CA}.Release|Any CPU.Build.0 = Release|Any CPU
		{2052F575-4C74-4348-9C6A-B768DAEDE209}.Debug|Any CPU.ActiveCfg = Debug|Any CPU
		{2052F575-4C74-4348-9C6A-B768DAEDE209}.Debug|Any CPU.Build.0 = Debug|Any CPU
		{2052F575-4C74-4348-9C6A-B768DAEDE209}.Release|Any CPU.ActiveCfg = Release|Any CPU
		{2052F575-4C74-4348-9C6A-B768DAEDE209}.Release|Any CPU.Build.0 = Release|Any CPU
		{DE6430E0-4431-4CFE-AF9C-0D1AAE8860ED}.Debug|Any CPU.ActiveCfg = Debug|Any CPU
		{DE6430E0-4431-4CFE-AF9C-0D1AAE8860ED}.Debug|Any CPU.Build.0 = Debug|Any CPU
		{DE6430E0-4431-4CFE-AF9C-0D1AAE8860ED}.Release|Any CPU.ActiveCfg = Release|Any CPU
		{DE6430E0-4431-4CFE-AF9C-0D1AAE8860ED}.Release|Any CPU.Build.0 = Release|Any CPU
		{1D870E99-0138-4F2F-803E-71CF10A315E6}.Debug|Any CPU.ActiveCfg = Debug|Any CPU
		{1D870E99-0138-4F2F-803E-71CF10A315E6}.Debug|Any CPU.Build.0 = Debug|Any CPU
		{1D870E99-0138-4F2F-803E-71CF10A315E6}.Release|Any CPU.ActiveCfg = Release|Any CPU
		{1D870E99-0138-4F2F-803E-71CF10A315E6}.Release|Any CPU.Build.0 = Release|Any CPU
		{0F25ABB7-B3CC-418C-9C13-A5181DC6E05D}.Debug|Any CPU.ActiveCfg = Debug|Any CPU
		{0F25ABB7-B3CC-418C-9C13-A5181DC6E05D}.Debug|Any CPU.Build.0 = Debug|Any CPU
		{0F25ABB7-B3CC-418C-9C13-A5181DC6E05D}.Release|Any CPU.ActiveCfg = Release|Any CPU
		{0F25ABB7-B3CC-418C-9C13-A5181DC6E05D}.Release|Any CPU.Build.0 = Release|Any CPU
		{14517EBB-71BA-47FA-A896-E44FC62AE62C}.Debug|Any CPU.ActiveCfg = Debug|Any CPU
		{14517EBB-71BA-47FA-A896-E44FC62AE62C}.Debug|Any CPU.Build.0 = Debug|Any CPU
		{14517EBB-71BA-47FA-A896-E44FC62AE62C}.Release|Any CPU.ActiveCfg = Release|Any CPU
		{14517EBB-71BA-47FA-A896-E44FC62AE62C}.Release|Any CPU.Build.0 = Release|Any CPU
		{FA5364F2-018E-44A6-8850-BC84049B34F7}.Debug|Any CPU.ActiveCfg = Debug|Any CPU
		{FA5364F2-018E-44A6-8850-BC84049B34F7}.Debug|Any CPU.Build.0 = Debug|Any CPU
		{FA5364F2-018E-44A6-8850-BC84049B34F7}.Release|Any CPU.ActiveCfg = Release|Any CPU
		{FA5364F2-018E-44A6-8850-BC84049B34F7}.Release|Any CPU.Build.0 = Release|Any CPU
		{A2E8ED51-0BD2-4338-B021-49877FBA8C18}.Debug|Any CPU.ActiveCfg = Debug|Any CPU
		{A2E8ED51-0BD2-4338-B021-49877FBA8C18}.Debug|Any CPU.Build.0 = Debug|Any CPU
		{A2E8ED51-0BD2-4338-B021-49877FBA8C18}.Release|Any CPU.ActiveCfg = Release|Any CPU
		{A2E8ED51-0BD2-4338-B021-49877FBA8C18}.Release|Any CPU.Build.0 = Release|Any CPU
		{D59E18A7-467D-4651-9944-40CD143FF848}.Debug|Any CPU.ActiveCfg = Debug|Any CPU
		{D59E18A7-467D-4651-9944-40CD143FF848}.Debug|Any CPU.Build.0 = Debug|Any CPU
		{D59E18A7-467D-4651-9944-40CD143FF848}.Release|Any CPU.ActiveCfg = Release|Any CPU
		{D59E18A7-467D-4651-9944-40CD143FF848}.Release|Any CPU.Build.0 = Release|Any CPU
	EndGlobalSection
	GlobalSection(SolutionProperties) = preSolution
		HideSolutionNode = FALSE
	EndGlobalSection
	GlobalSection(NestedProjects) = preSolution
		{D9C99CEB-E09D-4464-8A70-7145BADC1C22} = {C33F8796-2EA6-4A2E-AE37-FC36553EB1A4}
		{DE6430E0-4431-4CFE-AF9C-0D1AAE8860ED} = {C33F8796-2EA6-4A2E-AE37-FC36553EB1A4}
		{1D870E99-0138-4F2F-803E-71CF10A315E6} = {C33F8796-2EA6-4A2E-AE37-FC36553EB1A4}
		{0F25ABB7-B3CC-418C-9C13-A5181DC6E05D} = {C33F8796-2EA6-4A2E-AE37-FC36553EB1A4}
		{14517EBB-71BA-47FA-A896-E44FC62AE62C} = {C33F8796-2EA6-4A2E-AE37-FC36553EB1A4}
		{FA5364F2-018E-44A6-8850-BC84049B34F7} = {C33F8796-2EA6-4A2E-AE37-FC36553EB1A4}
		{A2E8ED51-0BD2-4338-B021-49877FBA8C18} = {C33F8796-2EA6-4A2E-AE37-FC36553EB1A4}
		{D59E18A7-467D-4651-9944-40CD143FF848} = {C33F8796-2EA6-4A2E-AE37-FC36553EB1A4}
	EndGlobalSection
	GlobalSection(ExtensibilityGlobals) = postSolution
		SolutionGuid = {1054E616-E4B6-4A92-8AE8-CC092F1B63DF}
	EndGlobalSection
EndGlobal
